{
  "name": "SurveyTrial",
  "lockfileVersion": 3,
  "requires": true,
  "packages": {
    "": {
      "dependencies": {
        "survey-angular": "^1.9.98"
      }
    },
    "node_modules/survey-angular": {
      "version": "1.9.98",
      "resolved": "https://registry.npmjs.org/survey-angular/-/survey-angular-1.9.98.tgz",
      "integrity": "sha512-8aiCV19IAXKUdqqHP3be75SAndLRs947za41o0e63aLERHbpAx3rxlFbeY3KmFbtcdXy/0K/+ou9he/nerRDaQ=="
    }
  }
}
